// !$*UTF8*$!
{
	archiveVersion = 1;
	classes = {
	};
	objectVersion = 50;
	objects = {

/* Begin PBXBuildFile section */
		163C27C82221B31B00387ED1 /* AppDelegate.swift in Sources */ = {isa = PBXBuildFile; fileRef = 163C27C72221B31B00387ED1 /* AppDelegate.swift */; };
		163C27CA2221B31B00387ED1 /* BannerViewController.swift in Sources */ = {isa = PBXBuildFile; fileRef = 163C27C92221B31B00387ED1 /* BannerViewController.swift */; };
		163C27CD2221B31B00387ED1 /* Main.storyboard in Resources */ = {isa = PBXBuildFile; fileRef = 163C27CB2221B31B00387ED1 /* Main.storyboard */; };
		163C27CF2221B31E00387ED1 /* Assets.xcassets in Resources */ = {isa = PBXBuildFile; fileRef = 163C27CE2221B31E00387ED1 /* Assets.xcassets */; };
		163C27D22221B31E00387ED1 /* LaunchScreen.storyboard in Resources */ = {isa = PBXBuildFile; fileRef = 163C27D02221B31E00387ED1 /* LaunchScreen.storyboard */; };
		163C27DB2221B59A00387ED1 /* Slide.swift in Sources */ = {isa = PBXBuildFile; fileRef = 163C27DA2221B59A00387ED1 /* Slide.swift */; };
		163C27DD2221B5CD00387ED1 /* Slide.xib in Resources */ = {isa = PBXBuildFile; fileRef = 163C27DC2221B5CD00387ED1 /* Slide.xib */; };
		163C27DF2221C7D600387ED1 /* HomeViewController.swift in Sources */ = {isa = PBXBuildFile; fileRef = 163C27DE2221C7D600387ED1 /* HomeViewController.swift */; };
/* End PBXBuildFile section */

/* Begin PBXFileReference section */
		163C27C42221B31B00387ED1 /* PageControlDemo.app */ = {isa = PBXFileReference; explicitFileType = wrapper.application; includeInIndex = 0; path = PageControlDemo.app; sourceTree = BUILT_PRODUCTS_DIR; };
		163C27C72221B31B00387ED1 /* AppDelegate.swift */ = {isa = PBXFileReference; lastKnownFileType = sourcecode.swift; path = AppDelegate.swift; sourceTree = "<group>"; };
		163C27C92221B31B00387ED1 /* BannerViewController.swift */ = {isa = PBXFileReference; lastKnownFileType = sourcecode.swift; path = BannerViewController.swift; sourceTree = "<group>"; };
		163C27CC2221B31B00387ED1 /* Base */ = {isa = PBXFileReference; lastKnownFileType = file.storyboard; name = Base; path = Base.lproj/Main.storyboard; sourceTree = "<group>"; };
		163C27CE2221B31E00387ED1 /* Assets.xcassets */ = {isa = PBXFileReference; lastKnownFileType = folder.assetcatalog; path = Assets.xcassets; sourceTree = "<group>"; };
		163C27D12221B31E00387ED1 /* Base */ = {isa = PBXFileReference; lastKnownFileType = file.storyboard; name = Base; path = Base.lproj/LaunchScreen.storyboard; sourceTree = "<group>"; };
		163C27D32221B31E00387ED1 /* Info.plist */ = {isa = PBXFileReference; lastKnownFileType = text.plist.xml; path = Info.plist; sourceTree = "<group>"; };
		163C27DA2221B59A00387ED1 /* Slide.swift */ = {isa = PBXFileReference; lastKnownFileType = sourcecode.swift; path = Slide.swift; sourceTree = "<group>"; };
		163C27DC2221B5CD00387ED1 /* Slide.xib */ = {isa = PBXFileReference; lastKnownFileType = file.xib; path = Slide.xib; sourceTree = "<group>"; };
		163C27DE2221C7D600387ED1 /* HomeViewController.swift */ = {isa = PBXFileReference; lastKnownFileType = sourcecode.swift; path = HomeViewController.swift; sourceTree = "<group>"; };
/* End PBXFileReference section */

/* Begin PBXFrameworksBuildPhase section */
		163C27C12221B31B00387ED1 /* Frameworks */ = {
			isa = PBXFrameworksBuildPhase;
			buildActionMask = 2147483647;
			files = (
			);
			runOnlyForDeploymentPostprocessing = 0;
		};
/* End PBXFrameworksBuildPhase section */

/* Begin PBXGroup section */
		163C27BB2221B31B00387ED1 = {
			isa = PBXGroup;
			children = (
				163C27C62221B31B00387ED1 /* PageControlDemo */,
				163C27C52221B31B00387ED1 /* Products */,
			);
			sourceTree = "<group>";
		};
		163C27C52221B31B00387ED1 /* Products */ = {
			isa = PBXGroup;
			children = (
				163C27C42221B31B00387ED1 /* PageControlDemo.app */,
			);
			name = Products;
			sourceTree = "<group>";
		};
		163C27C62221B31B00387ED1 /* PageControlDemo */ = {
			isa = PBXGroup;
			children = (
				163C27E12221C89800387ED1 /* Modules */,
				163C27C72221B31B00387ED1 /* AppDelegate.swift */,
				163C27CB2221B31B00387ED1 /* Main.storyboard */,
				163C27CE2221B31E00387ED1 /* Assets.xcassets */,
				163C27D02221B31E00387ED1 /* LaunchScreen.storyboard */,
				163C27D32221B31E00387ED1 /* Info.plist */,
			);
			path = PageControlDemo;
			sourceTree = "<group>";
		};
		163C27E02221C87F00387ED1 /* Banner */ = {
			isa = PBXGroup;
			children = (
				163C27C92221B31B00387ED1 /* BannerViewController.swift */,
			);
			path = Banner;
			sourceTree = "<group>";
		};
		163C27E12221C89800387ED1 /* Modules */ = {
			isa = PBXGroup;
			children = (
				163C27E32221C8C900387ED1 /* Slide */,
				163C27E22221C8A400387ED1 /* Home */,
				163C27E02221C87F00387ED1 /* Banner */,
			);
			path = Modules;
			sourceTree = "<group>";
		};
		163C27E22221C8A400387ED1 /* Home */ = {
			isa = PBXGroup;
			children = (
				163C27DE2221C7D600387ED1 /* HomeViewController.swift */,
			);
			path = Home;
			sourceTree = "<group>";
		};
		163C27E32221C8C900387ED1 /* Slide */ = {
			isa = PBXGroup;
			children = (
				163C27DA2221B59A00387ED1 /* Slide.swift */,
				163C27DC2221B5CD00387ED1 /* Slide.xib */,
			);
			path = Slide;
			sourceTree = "<group>";
		};
/* End PBXGroup section */

/* Begin PBXNativeTarget section */
		163C27C32221B31B00387ED1 /* PageControlDemo */ = {
			isa = PBXNativeTarget;
			buildConfigurationList = 163C27D62221B31E00387ED1 /* Build configuration list for PBXNativeTarget "PageControlDemo" */;
			buildPhases = (
				163C27C02221B31B00387ED1 /* Sources */,
				163C27C12221B31B00387ED1 /* Frameworks */,
				163C27C22221B31B00387ED1 /* Resources */,
			);
			buildRules = (
			);
			dependencies = (
			);
			name = PageControlDemo;
			productName = PageControlDemo;
			productReference = 163C27C42221B31B00387ED1 /* PageControlDemo.app */;
			productType = "com.apple.product-type.application";
		};
/* End PBXNativeTarget section */

/* Begin PBXProject section */
		163C27BC2221B31B00387ED1 /* Project object */ = {
			isa = PBXProject;
			attributes = {
				LastSwiftUpdateCheck = 1010;
				LastUpgradeCheck = 1010;
				ORGANIZATIONNAME = a7hyla;
				TargetAttributes = {
					163C27C32221B31B00387ED1 = {
						CreatedOnToolsVersion = 10.1;
					};
				};
			};
			buildConfigurationList = 163C27BF2221B31B00387ED1 /* Build configuration list for PBXProject "PageControlDemo" */;
			compatibilityVersion = "Xcode 9.3";
			developmentRegion = en;
			hasScannedForEncodings = 0;
			knownRegions = (
				en,
				Base,
			);
			mainGroup = 163C27BB2221B31B00387ED1;
			productRefGroup = 163C27C52221B31B00387ED1 /* Products */;
			projectDirPath = "";
			projectRoot = "";
			targets = (
				163C27C32221B31B00387ED1 /* PageControlDemo */,
			);
		};
/* End PBXProject section */

/* Begin PBXResourcesBuildPhase section */
		163C27C22221B31B00387ED1 /* Resources */ = {
			isa = PBXResourcesBuildPhase;
			buildActionMask = 2147483647;
			files = (
				163C27D22221B31E00387ED1 /* LaunchScreen.storyboard in Resources */,
				163C27CF2221B31E00387ED1 /* Assets.xcassets in Resources */,
				163C27CD2221B31B00387ED1 /* Main.storyboard in Resources */,
				163C27DD2221B5CD00387ED1 /* Slide.xib in Resources */,
			);
			runOnlyForDeploymentPostprocessing = 0;
		};
/* End PBXResourcesBuildPhase section */

/* Begin PBXSourcesBuildPhase section */
		163C27C02221B31B00387ED1 /* Sources */ = {
			isa = PBXSourcesBuildPhase;
			buildActionMask = 2147483647;
			files = (
				163C27DB2221B59A00387ED1 /* Slide.swift in Sources */,
				163C27CA2221B31B00387ED1 /* BannerViewController.swift in Sources */,
				163C27C82221B31B00387ED1 /* AppDelegate.swift in Sources */,
				163C27DF2221C7D600387ED1 /* HomeViewController.swift in Sources */,
			);
			runOnlyForDeploymentPostprocessing = 0;
		};
/* End PBXSourcesBuildPhase section */

/* Begin PBXVariantGroup section */
		163C27CB2221B31B00387ED1 /* Main.storyboard */ = {
			isa = PBXVariantGroup;
			children = (
				163C27CC2221B31B00387ED1 /* Base */,
			);
			name = Main.storyboard;
			sourceTree = "<group>";
		};
		163C27D02221B31E00387ED1 /* LaunchScreen.storyboard */ = {
			isa = PBXVariantGroup;
			children = (
				163C27D12221B31E00387ED1 /* Base */,
			);
			name = LaunchScreen.storyboard;
			sourceTree = "<group>";
		};
/* End PBXVariantGroup section */

/* Begin XCBuildConfiguration section */
		163C27D42221B31E00387ED1 /* Debug */ = {
			isa = XCBuildConfiguration;
			buildSettings = {
				ALWAYS_SEARCH_USER_PATHS = NO;
				CLANG_ANALYZER_NONNULL = YES;
				CLANG_ANALYZER_NUMBER_OBJECT_CONVERSION = YES_AGGRESSIVE;
				CLANG_CXX_LANGUAGE_STANDARD = "gnu++14";
				CLANG_CXX_LIBRARY = "libc++";
				CLANG_ENABLE_MODULES = YES;
				CLANG_ENABLE_OBJC_ARC = YES;
				CLANG_ENABLE_OBJC_WEAK = YES;
				CLANG_WARN_BLOCK_CAPTURE_AUTORELEASING = YES;
				CLANG_WARN_BOOL_CONVERSION = YES;
				CLANG_WARN_COMMA = YES;
				CLANG_WARN_CONSTANT_CONVERSION = YES;
				CLANG_WARN_DEPRECATED_OBJC_IMPLEMENTATIONS = YES;
				CLANG_WARN_DIRECT_OBJC_ISA_USAGE = YES_ERROR;
				CLANG_WARN_DOCUMENTATION_COMMENTS = YES;
				CLANG_WARN_EMPTY_BODY = YES;
				CLANG_WARN_ENUM_CONVERSION = YES;
				CLANG_WARN_INFINITE_RECURSION = YES;
				CLANG_WARN_INT_CONVERSION = YES;
				CLANG_WARN_NON_LITERAL_NULL_CONVERSION = YES;
				CLANG_WARN_OBJC_IMPLICIT_RETAIN_SELF = YES;
				CLANG_WARN_OBJC_LITERAL_CONVERSION = YES;
				CLANG_WARN_OBJC_ROOT_CLASS = YES_ERROR;
				CLANG_WARN_RANGE_LOOP_ANALYSIS = YES;
				CLANG_WARN_STRICT_PROTOTYPES = YES;
				CLANG_WARN_SUSPICIOUS_MOVE = YES;
				CLANG_WARN_UNGUARDED_AVAILABILITY = YES_AGGRESSIVE;
				CLANG_WARN_UNREACHABLE_CODE = YES;
				CLANG_WARN__DUPLICATE_METHOD_MATCH = YES;
				CODE_SIGN_IDENTITY = "iPhone Developer";
				COPY_PHASE_STRIP = NO;
				DEBUG_INFORMATION_FORMAT = dwarf;
				ENABLE_STRICT_OBJC_MSGSEND = YES;
				ENABLE_TESTABILITY = YES;
				GCC_C_LANGUAGE_STANDARD = gnu11;
				GCC_DYNAMIC_NO_PIC = NO;
				GCC_NO_COMMON_BLOCKS = YES;
				GCC_OPTIMIZATION_LEVEL = 0;
				GCC_PREPROCESSOR_DEFINITIONS = (
					"DEBUG=1",
					"$(inherited)",
				);
				GCC_WARN_64_TO_32_BIT_CONVERSION = YES;
				GCC_WARN_ABOUT_RETURN_TYPE = YES_ERROR;
				GCC_WARN_UNDECLARED_SELECTOR = YES;
				GCC_WARN_UNINITIALIZED_AUTOS = YES_AGGRESSIVE;
				GCC_WARN_UNUSED_FUNCTION = YES;
				GCC_WARN_UNUSED_VARIABLE = YES;
				IPHONEOS_DEPLOYMENT_TARGET = 12.1;
				MTL_ENABLE_DEBUG_INFO = INCLUDE_SOURCE;
				MTL_FAST_MATH = YES;
				ONLY_ACTIVE_ARCH = YES;
				SDKROOT = iphoneos;
				SWIFT_ACTIVE_COMPILATION_CONDITIONS = DEBUG;
				SWIFT_OPTIMIZATION_LEVEL = "-Onone";
			};
			name = Debug;
		};
		163C27D52221B31E00387ED1 /* Release */ = {
			isa = XCBuildConfiguration;
			buildSettings = {
				ALWAYS_SEARCH_USER_PATHS = NO;
				CLANG_ANALYZER_NONNULL = YES;
				CLANG_ANALYZER_NUMBER_OBJECT_CONVERSION = YES_AGGRESSIVE;
				CLANG_CXX_LANGUAGE_STANDARD = "gnu++14";
				CLANG_CXX_LIBRARY = "libc++";
				CLANG_ENABLE_MODULES = YES;
				CLANG_ENABLE_OBJC_ARC = YES;
				CLANG_ENABLE_OBJC_WEAK = YES;
				CLANG_WARN_BLOCK_CAPTURE_AUTORELEASING = YES;
				CLANG_WARN_BOOL_CONVERSION = YES;
				CLANG_WARN_COMMA = YES;
				CLANG_WARN_CONSTANT_CONVERSION = YES;
				CLANG_WARN_DEPRECATED_OBJC_IMPLEMENTATIONS = YES;
				CLANG_WARN_DIRECT_OBJC_ISA_USAGE = YES_ERROR;
				CLANG_WARN_DOCUMENTATION_COMMENTS = YES;
				CLANG_WARN_EMPTY_BODY = YES;
				CLANG_WARN_ENUM_CONVERSION = YES;
				CLANG_WARN_INFINITE_RECURSION = YES;
				CLANG_WARN_INT_CONVERSION = YES;
				CLANG_WARN_NON_LITERAL_NULL_CONVERSION = YES;
				CLANG_WARN_OBJC_IMPLICIT_RETAIN_SELF = YES;
				CLANG_WARN_OBJC_LITERAL_CONVERSION = YES;
				CLANG_WARN_OBJC_ROOT_CLASS = YES_ERROR;
				CLANG_WARN_RANGE_LOOP_ANALYSIS = YES;
				CLANG_WARN_STRICT_PROTOTYPES = YES;
				CLANG_WARN_SUSPICIOUS_MOVE = YES;
				CLANG_WARN_UNGUARDED_AVAILABILITY = YES_AGGRESSIVE;
				CLANG_WARN_UNREACHABLE_CODE = YES;
				CLANG_WARN__DUPLICATE_METHOD_MATCH = YES;
				CODE_SIGN_IDENTITY = "iPhone Developer";
				COPY_PHASE_STRIP = NO;
				DEBUG_INFORMATION_FORMAT = "dwarf-with-dsym";
				ENABLE_NS_ASSERTIONS = NO;
				ENABLE_STRICT_OBJC_MSGSEND = YES;
				GCC_C_LANGUAGE_STANDARD = gnu11;
				GCC_NO_COMMON_BLOCKS = YES;
				GCC_WARN_64_TO_32_BIT_CONVERSION = YES;
				GCC_WARN_ABOUT_RETURN_TYPE = YES_ERROR;
				GCC_WARN_UNDECLARED_SELECTOR = YES;
				GCC_WARN_UNINITIALIZED_AUTOS = YES_AGGRESSIVE;
				GCC_WARN_UNUSED_FUNCTION = YES;
				GCC_WARN_UNUSED_VARIABLE = YES;
				IPHONEOS_DEPLOYMENT_TARGET = 12.1;
				MTL_ENABLE_DEBUG_INFO = NO;
				MTL_FAST_MATH = YES;
				SDKROOT = iphoneos;
				SWIFT_COMPILATION_MODE = wholemodule;
				SWIFT_OPTIMIZATION_LEVEL = "-O";
				VALIDATE_PRODUCT = YES;
			};
			name = Release;
		};
		163C27D72221B31E00387ED1 /* Debug */ = {
			isa = XCBuildConfiguration;
			buildSettings = {
				ASSETCATALOG_COMPILER_APPICON_NAME = AppIcon;
				CODE_SIGN_STYLE = Automatic;
				DEVELOPMENT_TEAM = MZ982Z982H;
				INFOPLIST_FILE = PageControlDemo/Info.plist;
				LD_RUNPATH_SEARCH_PATHS = (
					"$(inherited)",
					"@executable_path/Frameworks",
				);
				PRODUCT_BUNDLE_IDENTIFIER = com.AA.PageControlDemo;
				PRODUCT_NAME = "$(TARGET_NAME)";
				SWIFT_VERSION = 4.2;
				TARGETED_DEVICE_FAMILY = "1,2";
			};
			name = Debug;
		};
		163C27D82221B31E00387ED1 /* Release */ = {
			isa = XCBuildConfiguration;
			buildSettings = {
				ASSETCATALOG_COMPILER_APPICON_NAME = AppIcon;
				CODE_SIGN_STYLE = Automatic;
				DEVELOPMENT_TEAM = MZ982Z982H;
				INFOPLIST_FILE = PageControlDemo/Info.plist;
				LD_RUNPATH_SEARCH_PATHS = (
					"$(inherited)",
					"@executable_path/Frameworks",
				);
				PRODUCT_BUNDLE_IDENTIFIER = com.AA.PageControlDemo;
				PRODUCT_NAME = "$(TARGET_NAME)";
				SWIFT_VERSION = 4.2;
				TARGETED_DEVICE_FAMILY = "1,2";
			};
			name = Release;
		};
/* End XCBuildConfiguration section */

/* Begin XCConfigurationList section */
		163C27BF2221B31B00387ED1 /* Build configuration list for PBXProject "PageControlDemo" */ = {
			isa = XCConfigurationList;
			buildConfigurations = (
				163C27D42221B31E00387ED1 /* Debug */,
				163C27D52221B31E00387ED1 /* Release */,
			);
			defaultConfigurationIsVisible = 0;
			defaultConfigurationName = Release;
		};
		163C27D62221B31E00387ED1 /* Build configuration list for PBXNativeTarget "PageControlDemo" */ = {
			isa = XCConfigurationList;
			buildConfigurations = (
				163C27D72221B31E00387ED1 /* Debug */,
				163C27D82221B31E00387ED1 /* Release */,
			);
			defaultConfigurationIsVisible = 0;
			defaultConfigurationName = Release;
		};
/* End XCConfigurationList section */
	};
	rootObject = 163C27BC2221B31B00387ED1 /* Project object */;
}
